{
  "object": {
    "pins": [
      {
        "package": "Ashen",
        "repositoryURL": "https://github.com/colinta/Ashen.git",
        "state": {
          "branch": "master",
          "revision": "f1a59bd692eb9cc0d830a35a945d71a30e5c3f35",
          "version": null
        }
      },
      {
        "package": "Termbox",
        "repositoryURL": "https://github.com/colinta/Termbox.git",
        "state": {
          "branch": "master",
          "revision": "441efc357f3328cc45043b5d17097afd58982094",
          "version": null
        }
      }
    ]
  },
  "version": 1
}
